{
    "_readme": [
        "This file locks the dependencies of your project to a known state",
        "Read more about it at http://getcomposer.org/doc/01-basic-usage.md#composer-lock-the-lock-file",
        "This file is @generated automatically"
    ],
    "hash": "2106c14e484e43c2def252c080691561",
    "packages": [
        {
            "name": "ricardoper/twitteroauth",
            "version": "dev-master",
            "source": {
                "type": "git",
                "url": "https://github.com/ricardoper/TwitterOAuth.git",
                "reference": "e429e0f0ee6523814f0fdc68ac4d7dc34e2a2965"
            },
            "dist": {
                "type": "zip",
                "url": "https://api.github.com/repos/ricardoper/TwitterOAuth/zipball/e429e0f0ee6523814f0fdc68ac4d7dc34e2a2965",
                "reference": "e429e0f0ee6523814f0fdc68ac4d7dc34e2a2965",
                "shasum": ""
            },
            "require": {
                "ext-curl": "*",
                "php": ">=5.3"
            },
            "type": "library",
            "autoload": {
                "psr-0": {
                    "TwitterOAuth\\": ""
                }
            },
            "notification-url": "https://packagist.org/downloads/",
            "license": [
                "MIT"
            ],
            "authors": [
                {
                    "name": "Ricardo Pereira",
                    "email": "github@ricardopereira.es",
                    "homepage": "http://ricardopereira.es"
                }
            ],
            "description": "PHP library to communicate with Twitter OAuth API version 1.1",
            "homepage": "https://github.com/ricardoper",
            "keywords": [
                "API v1.1",
                "oauth",
                "php",
                "twitter"
            ],
            "time": "2014-09-13 00:48:47"
        },
        {
            "name": "symfony/console",
            "version": "v2.5.4",
            "target-dir": "Symfony/Component/Console",
            "source": {
                "type": "git",
                "url": "https://github.com/symfony/Console.git",
                "reference": "748beed2a1e73179c3f5154d33fe6ae100c1aeb1"
            },
            "dist": {
                "type": "zip",
                "url": "https://api.github.com/repos/symfony/Console/zipball/748beed2a1e73179c3f5154d33fe6ae100c1aeb1",
                "reference": "748beed2a1e73179c3f5154d33fe6ae100c1aeb1",
                "shasum": ""
            },
            "require": {
                "php": ">=5.3.3"
            },
            "require-dev": {
                "psr/log": "~1.0",
                "symfony/event-dispatcher": "~2.1"
            },
            "suggest": {
                "psr/log": "For using the console logger",
                "symfony/event-dispatcher": ""
            },
            "type": "library",
            "extra": {
                "branch-alias": {
                    "dev-master": "2.5-dev"
                }
            },
            "autoload": {
                "psr-0": {
                    "Symfony\\Component\\Console\\": ""
                }
            },
            "notification-url": "https://packagist.org/downloads/",
            "license": [
                "MIT"
            ],
            "authors": [
                {
                    "name": "Symfony Community",
                    "homepage": "http://symfony.com/contributors"
                },
                {
                    "name": "Fabien Potencier",
                    "email": "fabien@symfony.com"
                }
            ],
            "description": "Symfony Console Component",
            "homepage": "http://symfony.com",
            "time": "2014-08-14 16:10:54"
        }
    ],
    "packages-dev": [

    ],
    "aliases": [

    ],
    "minimum-stability": "stable",
    "stability-flags": {
        "ricardoper/twitteroauth": 20
    },
    "prefer-stable": false,
    "platform": [

    ],
    "platform-dev": [

    ]
}
